// !$*UTF8*$!
{
	archiveVersion = 1;
	classes = {
	};
	objectVersion = 42;
	objects = {

/* Begin PBXFileReference section */
		1484DEDD0D44E2AC00DAEE94 /* Info.plist */ = {isa = PBXFileReference; fileEncoding = 4; lastKnownFileType = text.plist.xml; name = Info.plist; path = Resources/Info.plist; sourceTree = "<group>"; };
		1484DEE00D44E2AC00DAEE94 /* Japanese */ = {isa = PBXFileReference; fileEncoding = 4; lastKnownFileType = text.plist.xml; name = Japanese; path = Localizable.strings; sourceTree = "<group>"; };
		14B213E90D35EABC003FE31D /* global.h */ = {isa = PBXFileReference; fileEncoding = 4; lastKnownFileType = sourcecode.c.h; path = global.h; sourceTree = "<group>"; };
		14FB163D0CC22E3B004DFCDA /* Foundation.framework */ = {isa = PBXFileReference; lastKnownFileType = wrapper.framework; name = Foundation.framework; path = "/usr/local/arm-apple-darwin/heavenly/System/Library/Frameworks/Foundation.framework"; sourceTree = "<absolute>"; };
		14FB163E0CC22E3B004DFCDA /* UIKit.framework */ = {isa = PBXFileReference; lastKnownFileType = wrapper.framework; name = UIKit.framework; path = "/usr/local/arm-apple-darwin/heavenly/System/Library/Frameworks/UIKit.framework"; sourceTree = "<absolute>"; };
		14FB168F0CC233D7004DFCDA /* MyApp.h */ = {isa = PBXFileReference; fileEncoding = 0; lastKnownFileType = sourcecode.c.h; path = MyApp.h; sourceTree = "<group>"; };
		14FB16900CC233D7004DFCDA /* MyApp.m */ = {isa = PBXFileReference; fileEncoding = 0; lastKnownFileType = sourcecode.c.objc; path = MyApp.m; sourceTree = "<group>"; };
		29B97316FDCFA39411CA2CEA /* main.m */ = {isa = PBXFileReference; fileEncoding = 30; lastKnownFileType = sourcecode.c.objc; path = main.m; sourceTree = "<group>"; };
		D92591D70C6B431100BBDBBC /* Makefile */ = {isa = PBXFileReference; explicitFileType = sourcecode.make; fileEncoding = 30; path = Makefile; sourceTree = "<group>"; };
/* End PBXFileReference section */

/* Begin PBXGroup section */
		080E96DDFE201D6D7F000001 /* Classes */ = {
			isa = PBXGroup;
			children = (
				14FB168F0CC233D7004DFCDA /* MyApp.h */,
				14FB16900CC233D7004DFCDA /* MyApp.m */,
			);
			name = Classes;
			sourceTree = "<group>";
		};
		1484DEDE0D44E2AC00DAEE94 /* Japanese.lproj */ = {
			isa = PBXGroup;
			children = (
				1484DEDF0D44E2AC00DAEE94 /* Localizable.strings */,
			);
			name = Japanese.lproj;
			path = Resources/Japanese.lproj;
			sourceTree = "<group>";
		};
		19C28FACFE9D520D11CA2CBB /* Products */ = {
			isa = PBXGroup;
			children = (
			);
			name = Products;
			sourceTree = "<group>";
		};
		29B97314FDCFA39411CA2CEA /* Motion */ = {
			isa = PBXGroup;
			children = (
				D92591D70C6B431100BBDBBC /* Makefile */,
				080E96DDFE201D6D7F000001 /* Classes */,
				29B97315FDCFA39411CA2CEA /* Other Sources */,
				29B97317FDCFA39411CA2CEA /* Resources */,
				29B97323FDCFA39411CA2CEA /* Frameworks */,
				19C28FACFE9D520D11CA2CBB /* Products */,
			);
			name = Motion;
			sourceTree = "<group>";
		};
		29B97315FDCFA39411CA2CEA /* Other Sources */ = {
			isa = PBXGroup;
			children = (
				29B97316FDCFA39411CA2CEA /* main.m */,
				14B213E90D35EABC003FE31D /* global.h */,
			);
			name = "Other Sources";
			sourceTree = "<group>";
		};
		29B97317FDCFA39411CA2CEA /* Resources */ = {
			isa = PBXGroup;
			children = (
				1484DEDD0D44E2AC00DAEE94 /* Info.plist */,
				1484DEDE0D44E2AC00DAEE94 /* Japanese.lproj */,
			);
			name = Resources;
			sourceTree = "<group>";
		};
		29B97323FDCFA39411CA2CEA /* Frameworks */ = {
			isa = PBXGroup;
			children = (
				14FB163D0CC22E3B004DFCDA /* Foundation.framework */,
				14FB163E0CC22E3B004DFCDA /* UIKit.framework */,
			);
			name = Frameworks;
			sourceTree = "<group>";
		};
/* End PBXGroup section */

/* Begin PBXLegacyTarget section */
		D92591D10C6B42C700BBDBBC /* setRotationDegrees */ = {
			isa = PBXLegacyTarget;
			buildArgumentsString = "$(ACTION)";
			buildConfigurationList = D92591D40C6B42CE00BBDBBC /* Build configuration list for PBXLegacyTarget "setRotationDegrees" */;
			buildPhases = (
			);
			buildToolPath = /usr/bin/make;
			dependencies = (
			);
			name = setRotationDegrees;
			passBuildSettingsInEnvironment = 1;
			productName = Motion;
		};
/* End PBXLegacyTarget section */

/* Begin PBXProject section */
		29B97313FDCFA39411CA2CEA /* Project object */ = {
			isa = PBXProject;
			buildConfigurationList = C01FCF4E08A954540054247B /* Build configuration list for PBXProject "setRotationDegrees" */;
			compatibilityVersion = "Xcode 2.4";
			hasScannedForEncodings = 1;
			mainGroup = 29B97314FDCFA39411CA2CEA /* Motion */;
			projectDirPath = "";
			projectRoot = "";
			targets = (
				D92591D10C6B42C700BBDBBC /* setRotationDegrees */,
			);
		};
/* End PBXProject section */

/* Begin PBXVariantGroup section */
		1484DEDF0D44E2AC00DAEE94 /* Localizable.strings */ = {
			isa = PBXVariantGroup;
			children = (
				1484DEE00D44E2AC00DAEE94 /* Japanese */,
			);
			name = Localizable.strings;
			sourceTree = "<group>";
		};
/* End PBXVariantGroup section */

/* Begin XCBuildConfiguration section */
		C01FCF4F08A954540054247B /* Debug */ = {
			isa = XCBuildConfiguration;
			buildSettings = {
				ARCHS = arm;
				CC = "/usr/local/iphonedev/bin/arm-apple-darwin-cc";
				CXX = "/usr/local/iphonedev/bin/arm-apple-darwin-cc";
				GCC_WARN_ABOUT_RETURN_TYPE = YES;
				GCC_WARN_UNUSED_VARIABLE = YES;
				LD = "/usr/local/iphonedev/bin/arm-apple-darwin-cc";
				PREBINDING = NO;
				PRODUCT_NAME = setRotationDegrees;
				SDKROOT = /Developer/SDKs/iPhone.sdk;
				SHARED_PRECOMPS_DIR = "/Library/Caches/com.apple.Xcode.iPhone.$(UID)/SharedPrecompiledHeaders";
			};
			name = Debug;
		};
		C01FCF5008A954540054247B /* Release */ = {
			isa = XCBuildConfiguration;
			buildSettings = {
				ARCHS = arm;
				CC = "/usr/local/iphonedev/bin/arm-apple-darwin-cc";
				CXX = "/usr/local/iphonedev/bin/arm-apple-darwin-cc";
				GCC_WARN_ABOUT_RETURN_TYPE = YES;
				GCC_WARN_UNUSED_VARIABLE = YES;
				LD = "/usr/local/iphonedev/bin/arm-apple-darwin-cc";
				PREBINDING = NO;
				PRODUCT_NAME = setRotationDegrees;
				SDKROOT = /Developer/SDKs/iPhone.sdk;
				SHARED_PRECOMPS_DIR = "/Library/Caches/com.apple.Xcode.iPhone.$(UID)/SharedPrecompiledHeaders";
			};
			name = Release;
		};
		D92591D50C6B42CE00BBDBBC /* Debug */ = {
			isa = XCBuildConfiguration;
			buildSettings = {
				COPY_PHASE_STRIP = NO;
				GCC_DYNAMIC_NO_PIC = NO;
				GCC_GENERATE_DEBUGGING_SYMBOLS = YES;
				GCC_OPTIMIZATION_LEVEL = 0;
			};
			name = Debug;
		};
		D92591D60C6B42CE00BBDBBC /* Release */ = {
			isa = XCBuildConfiguration;
			buildSettings = {
				COPY_PHASE_STRIP = YES;
				GCC_ENABLE_FIX_AND_CONTINUE = NO;
				GCC_GENERATE_DEBUGGING_SYMBOLS = NO;
				ZERO_LINK = NO;
			};
			name = Release;
		};
/* End XCBuildConfiguration section */

/* Begin XCConfigurationList section */
		C01FCF4E08A954540054247B /* Build configuration list for PBXProject "setRotationDegrees" */ = {
			isa = XCConfigurationList;
			buildConfigurations = (
				C01FCF4F08A954540054247B /* Debug */,
				C01FCF5008A954540054247B /* Release */,
			);
			defaultConfigurationIsVisible = 0;
			defaultConfigurationName = Release;
		};
		D92591D40C6B42CE00BBDBBC /* Build configuration list for PBXLegacyTarget "setRotationDegrees" */ = {
			isa = XCConfigurationList;
			buildConfigurations = (
				D92591D50C6B42CE00BBDBBC /* Debug */,
				D92591D60C6B42CE00BBDBBC /* Release */,
			);
			defaultConfigurationIsVisible = 0;
			defaultConfigurationName = Release;
		};
/* End XCConfigurationList section */
	};
	rootObject = 29B97313FDCFA39411CA2CEA /* Project object */;
}
